
Microsoft Visual Studio Solution File, Format Version 12.00
# Visual Studio 15
VisualStudioVersion = 15.0.28307.421
MinimumVisualStudioVersion = 10.0.40219.1
Project("{FAE04EC0-301F-11D3-BF4B-00C04F79EFBC}") = "PrimeiroProjeto", "ConsoleApp1\PrimeiroProjeto.csproj", "{B1178AF5-7D8F-4B02-89B7-258201AEEC73}"
EndProject
Global
	GlobalSection(SolutionConfigurationPlatforms) = preSolution
		Debug|Any CPU = Debug|Any CPU
		Release|Any CPU = Release|Any CPU
	EndGlobalSection
	GlobalSection(ProjectConfigurationPlatforms) = postSolution
		{B1178AF5-7D8F-4B02-89B7-258201AEEC73}.Debug|Any CPU.ActiveCfg = Debug|Any CPU
		{B1178AF5-7D8F-4B02-89B7-258201AEEC73}.Debug|Any CPU.Build.0 = Debug|Any CPU
		{B1178AF5-7D8F-4B02-89B7-258201AEEC73}.Release|Any CPU.ActiveCfg = Release|Any CPU
		{B1178AF5-7D8F-4B02-89B7-258201AEEC73}.Release|Any CPU.Build.0 = Release|Any CPU
	EndGlobalSection
	GlobalSection(SolutionProperties) = preSolution
		HideSolutionNode = FALSE
	EndGlobalSection
	GlobalSection(ExtensibilityGlobals) = postSolution
		SolutionGuid = {2D58C2BA-87EE-4873-A28E-1DC2D7CF1438}
	EndGlobalSection
EndGlobal
