
Microsoft Visual Studio Solution File, Format Version 12.00
# Visual Studio 15
VisualStudioVersion = 15.0.28307.421
MinimumVisualStudioVersion = 10.0.40219.1
Project("{FAE04EC0-301F-11D3-BF4B-00C04F79EFBC}") = "StreamReader", "StreamReader\StreamReader.csproj", "{5DEF3444-C9DF-4CB2-A974-68AE6D1C008C}"
EndProject
Global
	GlobalSection(SolutionConfigurationPlatforms) = preSolution
		Debug|Any CPU = Debug|Any CPU
		Release|Any CPU = Release|Any CPU
	EndGlobalSection
	GlobalSection(ProjectConfigurationPlatforms) = postSolution
		{5DEF3444-C9DF-4CB2-A974-68AE6D1C008C}.Debug|Any CPU.ActiveCfg = Debug|Any CPU
		{5DEF3444-C9DF-4CB2-A974-68AE6D1C008C}.Debug|Any CPU.Build.0 = Debug|Any CPU
		{5DEF3444-C9DF-4CB2-A974-68AE6D1C008C}.Release|Any CPU.ActiveCfg = Release|Any CPU
		{5DEF3444-C9DF-4CB2-A974-68AE6D1C008C}.Release|Any CPU.Build.0 = Release|Any CPU
	EndGlobalSection
	GlobalSection(SolutionProperties) = preSolution
		HideSolutionNode = FALSE
	EndGlobalSection
	GlobalSection(ExtensibilityGlobals) = postSolution
		SolutionGuid = {81BE821E-4990-4AB3-BE42-591EC43A10B3}
	EndGlobalSection
EndGlobal
