
Microsoft Visual Studio Solution File, Format Version 12.00
# Visual Studio 15
VisualStudioVersion = 15.0.28307.421
MinimumVisualStudioVersion = 10.0.40219.1
Project("{FAE04EC0-301F-11D3-BF4B-00C04F79EFBC}") = "Course", "Course\Course.csproj", "{20FCB7AF-610B-4EA1-90D1-0A3EA96C0723}"
EndProject
Project("{FAE04EC0-301F-11D3-BF4B-00C04F79EFBC}") = "Exercicio1", "Exercicio1\Exercicio1.csproj", "{CA848F4D-F84B-4E46-A86B-3C7ECAD1515F}"
EndProject
Project("{FAE04EC0-301F-11D3-BF4B-00C04F79EFBC}") = "Exercicio2", "Exercicio2\Exercicio2.csproj", "{EA826B90-1FC7-40AC-93CB-85E7D62859A2}"
EndProject
Project("{FAE04EC0-301F-11D3-BF4B-00C04F79EFBC}") = "Exercicio3", "Exercicio3\Exercicio3.csproj", "{3106EDBB-6F64-470B-BEB8-72C4D46A6BD8}"
EndProject
Project("{FAE04EC0-301F-11D3-BF4B-00C04F79EFBC}") = "Exercicio4", "Exercicio4\Exercicio4.csproj", "{14B07696-A3E6-419E-8ECA-301DC3E84A12}"
EndProject
Project("{FAE04EC0-301F-11D3-BF4B-00C04F79EFBC}") = "Exercicio5", "Exercicio5\Exercicio5.csproj", "{5E1F723B-CCE5-4046-BCFB-35ED0B46B417}"
EndProject
Project("{FAE04EC0-301F-11D3-BF4B-00C04F79EFBC}") = "Exercicio6", "Exercicio6\Exercicio6.csproj", "{125D0ACA-02C3-4915-BC27-57E00B0B01E5}"
EndProject
Project("{FAE04EC0-301F-11D3-BF4B-00C04F79EFBC}") = "Exercicio7", "Exercicio7\Exercicio7.csproj", "{EFAA5A83-C306-4C8B-AFBB-101C53D8B600}"
EndProject
Project("{FAE04EC0-301F-11D3-BF4B-00C04F79EFBC}") = "Exercicio8", "Exercicio8\Exercicio8.csproj", "{4CC319E3-FD72-4C17-99C0-8641C5D879BF}"
EndProject
Project("{FAE04EC0-301F-11D3-BF4B-00C04F79EFBC}") = "Exercicio9", "Exercicio9\Exercicio9.csproj", "{0BAFB522-54DD-4247-AFF4-704E5B505A86}"
EndProject
Project("{FAE04EC0-301F-11D3-BF4B-00C04F79EFBC}") = "Exercicio10", "Exercicio10\Exercicio10.csproj", "{59A1B86F-A4FA-4218-A3B6-EE1B370BC296}"
EndProject
Global
	GlobalSection(SolutionConfigurationPlatforms) = preSolution
		Debug|Any CPU = Debug|Any CPU
		Release|Any CPU = Release|Any CPU
	EndGlobalSection
	GlobalSection(ProjectConfigurationPlatforms) = postSolution
		{20FCB7AF-610B-4EA1-90D1-0A3EA96C0723}.Debug|Any CPU.ActiveCfg = Debug|Any CPU
		{20FCB7AF-610B-4EA1-90D1-0A3EA96C0723}.Debug|Any CPU.Build.0 = Debug|Any CPU
		{20FCB7AF-610B-4EA1-90D1-0A3EA96C0723}.Release|Any CPU.ActiveCfg = Release|Any CPU
		{20FCB7AF-610B-4EA1-90D1-0A3EA96C0723}.Release|Any CPU.Build.0 = Release|Any CPU
		{CA848F4D-F84B-4E46-A86B-3C7ECAD1515F}.Debug|Any CPU.ActiveCfg = Debug|Any CPU
		{CA848F4D-F84B-4E46-A86B-3C7ECAD1515F}.Debug|Any CPU.Build.0 = Debug|Any CPU
		{CA848F4D-F84B-4E46-A86B-3C7ECAD1515F}.Release|Any CPU.ActiveCfg = Release|Any CPU
		{CA848F4D-F84B-4E46-A86B-3C7ECAD1515F}.Release|Any CPU.Build.0 = Release|Any CPU
		{EA826B90-1FC7-40AC-93CB-85E7D62859A2}.Debug|Any CPU.ActiveCfg = Debug|Any CPU
		{EA826B90-1FC7-40AC-93CB-85E7D62859A2}.Debug|Any CPU.Build.0 = Debug|Any CPU
		{EA826B90-1FC7-40AC-93CB-85E7D62859A2}.Release|Any CPU.ActiveCfg = Release|Any CPU
		{EA826B90-1FC7-40AC-93CB-85E7D62859A2}.Release|Any CPU.Build.0 = Release|Any CPU
		{3106EDBB-6F64-470B-BEB8-72C4D46A6BD8}.Debug|Any CPU.ActiveCfg = Debug|Any CPU
		{3106EDBB-6F64-470B-BEB8-72C4D46A6BD8}.Debug|Any CPU.Build.0 = Debug|Any CPU
		{3106EDBB-6F64-470B-BEB8-72C4D46A6BD8}.Release|Any CPU.ActiveCfg = Release|Any CPU
		{3106EDBB-6F64-470B-BEB8-72C4D46A6BD8}.Release|Any CPU.Build.0 = Release|Any CPU
		{14B07696-A3E6-419E-8ECA-301DC3E84A12}.Debug|Any CPU.ActiveCfg = Debug|Any CPU
		{14B07696-A3E6-419E-8ECA-301DC3E84A12}.Debug|Any CPU.Build.0 = Debug|Any CPU
		{14B07696-A3E6-419E-8ECA-301DC3E84A12}.Release|Any CPU.ActiveCfg = Release|Any CPU
		{14B07696-A3E6-419E-8ECA-301DC3E84A12}.Release|Any CPU.Build.0 = Release|Any CPU
		{5E1F723B-CCE5-4046-BCFB-35ED0B46B417}.Debug|Any CPU.ActiveCfg = Debug|Any CPU
		{5E1F723B-CCE5-4046-BCFB-35ED0B46B417}.Debug|Any CPU.Build.0 = Debug|Any CPU
		{5E1F723B-CCE5-4046-BCFB-35ED0B46B417}.Release|Any CPU.ActiveCfg = Release|Any CPU
		{5E1F723B-CCE5-4046-BCFB-35ED0B46B417}.Release|Any CPU.Build.0 = Release|Any CPU
		{125D0ACA-02C3-4915-BC27-57E00B0B01E5}.Debug|Any CPU.ActiveCfg = Debug|Any CPU
		{125D0ACA-02C3-4915-BC27-57E00B0B01E5}.Debug|Any CPU.Build.0 = Debug|Any CPU
		{125D0ACA-02C3-4915-BC27-57E00B0B01E5}.Release|Any CPU.ActiveCfg = Release|Any CPU
		{125D0ACA-02C3-4915-BC27-57E00B0B01E5}.Release|Any CPU.Build.0 = Release|Any CPU
		{EFAA5A83-C306-4C8B-AFBB-101C53D8B600}.Debug|Any CPU.ActiveCfg = Debug|Any CPU
		{EFAA5A83-C306-4C8B-AFBB-101C53D8B600}.Debug|Any CPU.Build.0 = Debug|Any CPU
		{EFAA5A83-C306-4C8B-AFBB-101C53D8B600}.Release|Any CPU.ActiveCfg = Release|Any CPU
		{EFAA5A83-C306-4C8B-AFBB-101C53D8B600}.Release|Any CPU.Build.0 = Release|Any CPU
		{4CC319E3-FD72-4C17-99C0-8641C5D879BF}.Debug|Any CPU.ActiveCfg = Debug|Any CPU
		{4CC319E3-FD72-4C17-99C0-8641C5D879BF}.Debug|Any CPU.Build.0 = Debug|Any CPU
		{4CC319E3-FD72-4C17-99C0-8641C5D879BF}.Release|Any CPU.ActiveCfg = Release|Any CPU
		{4CC319E3-FD72-4C17-99C0-8641C5D879BF}.Release|Any CPU.Build.0 = Release|Any CPU
		{0BAFB522-54DD-4247-AFF4-704E5B505A86}.Debug|Any CPU.ActiveCfg = Debug|Any CPU
		{0BAFB522-54DD-4247-AFF4-704E5B505A86}.Debug|Any CPU.Build.0 = Debug|Any CPU
		{0BAFB522-54DD-4247-AFF4-704E5B505A86}.Release|Any CPU.ActiveCfg = Release|Any CPU
		{0BAFB522-54DD-4247-AFF4-704E5B505A86}.Release|Any CPU.Build.0 = Release|Any CPU
		{59A1B86F-A4FA-4218-A3B6-EE1B370BC296}.Debug|Any CPU.ActiveCfg = Debug|Any CPU
		{59A1B86F-A4FA-4218-A3B6-EE1B370BC296}.Debug|Any CPU.Build.0 = Debug|Any CPU
		{59A1B86F-A4FA-4218-A3B6-EE1B370BC296}.Release|Any CPU.ActiveCfg = Release|Any CPU
		{59A1B86F-A4FA-4218-A3B6-EE1B370BC296}.Release|Any CPU.Build.0 = Release|Any CPU
	EndGlobalSection
	GlobalSection(SolutionProperties) = preSolution
		HideSolutionNode = FALSE
	EndGlobalSection
	GlobalSection(ExtensibilityGlobals) = postSolution
		SolutionGuid = {A38F4EAD-4C7C-41AA-8E55-16E192CDD3F5}
	EndGlobalSection
EndGlobal
