
Microsoft Visual Studio Solution File, Format Version 12.00
# Visual Studio 15
VisualStudioVersion = 15.0.28307.421
MinimumVisualStudioVersion = 10.0.40219.1
Project("{2150E333-8FDC-42A3-9474-1A3956D46DE8}") = "0 - Presentation", "0 - Presentation", "{78E4AA3F-0C99-4793-B576-C865B18C7379}"
EndProject
Project("{2150E333-8FDC-42A3-9474-1A3956D46DE8}") = "1 - Services", "1 - Services", "{297D328C-C8DB-4A6F-90AE-3140DD582CEB}"
EndProject
Project("{2150E333-8FDC-42A3-9474-1A3956D46DE8}") = "2 - Application", "2 - Application", "{93189FE6-9AFF-41E1-ACCB-C3FEE671E851}"
EndProject
Project("{2150E333-8FDC-42A3-9474-1A3956D46DE8}") = "3 - Domain", "3 - Domain", "{0AD69930-B3F7-4923-9647-CB19C7F23F51}"
EndProject
Project("{2150E333-8FDC-42A3-9474-1A3956D46DE8}") = "4 - Infra", "4 - Infra", "{4FCF4AC4-9526-4E2E-B761-F6F9813152C1}"
EndProject
Project("{2150E333-8FDC-42A3-9474-1A3956D46DE8}") = "4.1 - Data", "4.1 - Data", "{530817F4-F4B2-49DA-ACFA-EB255E7632A2}"
EndProject
Project("{2150E333-8FDC-42A3-9474-1A3956D46DE8}") = "4.2 - CrossCuting", "4.2 - CrossCuting", "{47E19104-0FB4-4D3F-ACCF-C3D934B0DD58}"
EndProject
Project("{FAE04EC0-301F-11D3-BF4B-00C04F79EFBC}") = "ProjetoModeloDDD.MVC", "..\ProjetoModeloDDD.MVC\ProjetoModeloDDD.MVC.csproj", "{C59E1473-4A3D-4662-B967-8B3A6845E950}"
EndProject
Project("{FAE04EC0-301F-11D3-BF4B-00C04F79EFBC}") = "ProjetoDDD.Domain", "..\ProjetoDDD.Domain\ProjetoDDD.Domain.csproj", "{38134587-93F1-4859-8871-DB5C11E32FF7}"
EndProject
Project("{FAE04EC0-301F-11D3-BF4B-00C04F79EFBC}") = "ProjetoModeloDDD.Application", "..\ProjetoModeloDDD.Application\ProjetoModeloDDD.Application.csproj", "{3B9C08AC-1238-4B0D-BAFD-D028581B2FFC}"
EndProject
Project("{FAE04EC0-301F-11D3-BF4B-00C04F79EFBC}") = "ProjetoModeloDDD.Domain", "..\ProjetoModeloDDD.Domain\ProjetoModeloDDD.Domain.csproj", "{0FE791B8-BC1F-47C8-B043-F3BF0FEA94CB}"
EndProject
Project("{FAE04EC0-301F-11D3-BF4B-00C04F79EFBC}") = "ProjetoModeloDDD.Infraestructure", "ProjetoModeloDDD.Infraestructure\ProjetoModeloDDD.Infraestructure.csproj", "{9E937442-F099-4259-9490-D01562511986}"
EndProject
Global
	GlobalSection(SolutionConfigurationPlatforms) = preSolution
		Debug|Any CPU = Debug|Any CPU
		Release|Any CPU = Release|Any CPU
	EndGlobalSection
	GlobalSection(ProjectConfigurationPlatforms) = postSolution
		{C59E1473-4A3D-4662-B967-8B3A6845E950}.Debug|Any CPU.ActiveCfg = Debug|Any CPU
		{C59E1473-4A3D-4662-B967-8B3A6845E950}.Debug|Any CPU.Build.0 = Debug|Any CPU
		{C59E1473-4A3D-4662-B967-8B3A6845E950}.Release|Any CPU.ActiveCfg = Release|Any CPU
		{C59E1473-4A3D-4662-B967-8B3A6845E950}.Release|Any CPU.Build.0 = Release|Any CPU
		{38134587-93F1-4859-8871-DB5C11E32FF7}.Debug|Any CPU.ActiveCfg = Debug|Any CPU
		{38134587-93F1-4859-8871-DB5C11E32FF7}.Debug|Any CPU.Build.0 = Debug|Any CPU
		{38134587-93F1-4859-8871-DB5C11E32FF7}.Release|Any CPU.ActiveCfg = Release|Any CPU
		{38134587-93F1-4859-8871-DB5C11E32FF7}.Release|Any CPU.Build.0 = Release|Any CPU
		{3B9C08AC-1238-4B0D-BAFD-D028581B2FFC}.Debug|Any CPU.ActiveCfg = Debug|Any CPU
		{3B9C08AC-1238-4B0D-BAFD-D028581B2FFC}.Debug|Any CPU.Build.0 = Debug|Any CPU
		{3B9C08AC-1238-4B0D-BAFD-D028581B2FFC}.Release|Any CPU.ActiveCfg = Release|Any CPU
		{3B9C08AC-1238-4B0D-BAFD-D028581B2FFC}.Release|Any CPU.Build.0 = Release|Any CPU
		{0FE791B8-BC1F-47C8-B043-F3BF0FEA94CB}.Debug|Any CPU.ActiveCfg = Debug|Any CPU
		{0FE791B8-BC1F-47C8-B043-F3BF0FEA94CB}.Debug|Any CPU.Build.0 = Debug|Any CPU
		{0FE791B8-BC1F-47C8-B043-F3BF0FEA94CB}.Release|Any CPU.ActiveCfg = Release|Any CPU
		{0FE791B8-BC1F-47C8-B043-F3BF0FEA94CB}.Release|Any CPU.Build.0 = Release|Any CPU
		{9E937442-F099-4259-9490-D01562511986}.Debug|Any CPU.ActiveCfg = Debug|Any CPU
		{9E937442-F099-4259-9490-D01562511986}.Debug|Any CPU.Build.0 = Debug|Any CPU
		{9E937442-F099-4259-9490-D01562511986}.Release|Any CPU.ActiveCfg = Release|Any CPU
		{9E937442-F099-4259-9490-D01562511986}.Release|Any CPU.Build.0 = Release|Any CPU
	EndGlobalSection
	GlobalSection(SolutionProperties) = preSolution
		HideSolutionNode = FALSE
	EndGlobalSection
	GlobalSection(NestedProjects) = preSolution
		{530817F4-F4B2-49DA-ACFA-EB255E7632A2} = {4FCF4AC4-9526-4E2E-B761-F6F9813152C1}
		{47E19104-0FB4-4D3F-ACCF-C3D934B0DD58} = {4FCF4AC4-9526-4E2E-B761-F6F9813152C1}
		{C59E1473-4A3D-4662-B967-8B3A6845E950} = {78E4AA3F-0C99-4793-B576-C865B18C7379}
		{38134587-93F1-4859-8871-DB5C11E32FF7} = {297D328C-C8DB-4A6F-90AE-3140DD582CEB}
		{3B9C08AC-1238-4B0D-BAFD-D028581B2FFC} = {93189FE6-9AFF-41E1-ACCB-C3FEE671E851}
		{0FE791B8-BC1F-47C8-B043-F3BF0FEA94CB} = {0AD69930-B3F7-4923-9647-CB19C7F23F51}
		{9E937442-F099-4259-9490-D01562511986} = {530817F4-F4B2-49DA-ACFA-EB255E7632A2}
	EndGlobalSection
	GlobalSection(ExtensibilityGlobals) = postSolution
		SolutionGuid = {2C85D64E-4185-49D7-A43A-B0D57E4C8A8D}
	EndGlobalSection
EndGlobal
