
Microsoft Visual Studio Solution File, Format Version 12.00
# Visual Studio 15
VisualStudioVersion = 15.0.28307.421
MinimumVisualStudioVersion = 10.0.40219.1
Project("{FAE04EC0-301F-11D3-BF4B-00C04F79EFBC}") = "while", "while\while.csproj", "{9BFAF1AD-C6F6-40E0-B4A1-8685020385EE}"
EndProject
Project("{FAE04EC0-301F-11D3-BF4B-00C04F79EFBC}") = "For1", "For1\For1.csproj", "{17DCDF8C-8071-49A4-9FD0-939E0A6F9072}"
EndProject
Project("{FAE04EC0-301F-11D3-BF4B-00C04F79EFBC}") = "ExSemOO", "ExSemOO\ExSemOO.csproj", "{3F7203C9-6E01-492A-AFF0-F89F13BFF816}"
EndProject
Project("{FAE04EC0-301F-11D3-BF4B-00C04F79EFBC}") = "ExComOO", "..\ExComOO\ExComOO.csproj", "{E2CEBDDD-7014-4E2F-8FE0-A4B8E24C1950}"
EndProject
Global
	GlobalSection(SolutionConfigurationPlatforms) = preSolution
		Debug|Any CPU = Debug|Any CPU
		Release|Any CPU = Release|Any CPU
	EndGlobalSection
	GlobalSection(ProjectConfigurationPlatforms) = postSolution
		{9BFAF1AD-C6F6-40E0-B4A1-8685020385EE}.Debug|Any CPU.ActiveCfg = Debug|Any CPU
		{9BFAF1AD-C6F6-40E0-B4A1-8685020385EE}.Debug|Any CPU.Build.0 = Debug|Any CPU
		{9BFAF1AD-C6F6-40E0-B4A1-8685020385EE}.Release|Any CPU.ActiveCfg = Release|Any CPU
		{9BFAF1AD-C6F6-40E0-B4A1-8685020385EE}.Release|Any CPU.Build.0 = Release|Any CPU
		{17DCDF8C-8071-49A4-9FD0-939E0A6F9072}.Debug|Any CPU.ActiveCfg = Debug|Any CPU
		{17DCDF8C-8071-49A4-9FD0-939E0A6F9072}.Debug|Any CPU.Build.0 = Debug|Any CPU
		{17DCDF8C-8071-49A4-9FD0-939E0A6F9072}.Release|Any CPU.ActiveCfg = Release|Any CPU
		{17DCDF8C-8071-49A4-9FD0-939E0A6F9072}.Release|Any CPU.Build.0 = Release|Any CPU
		{3F7203C9-6E01-492A-AFF0-F89F13BFF816}.Debug|Any CPU.ActiveCfg = Debug|Any CPU
		{3F7203C9-6E01-492A-AFF0-F89F13BFF816}.Debug|Any CPU.Build.0 = Debug|Any CPU
		{3F7203C9-6E01-492A-AFF0-F89F13BFF816}.Release|Any CPU.ActiveCfg = Release|Any CPU
		{3F7203C9-6E01-492A-AFF0-F89F13BFF816}.Release|Any CPU.Build.0 = Release|Any CPU
		{E2CEBDDD-7014-4E2F-8FE0-A4B8E24C1950}.Debug|Any CPU.ActiveCfg = Debug|Any CPU
		{E2CEBDDD-7014-4E2F-8FE0-A4B8E24C1950}.Debug|Any CPU.Build.0 = Debug|Any CPU
		{E2CEBDDD-7014-4E2F-8FE0-A4B8E24C1950}.Release|Any CPU.ActiveCfg = Release|Any CPU
		{E2CEBDDD-7014-4E2F-8FE0-A4B8E24C1950}.Release|Any CPU.Build.0 = Release|Any CPU
	EndGlobalSection
	GlobalSection(SolutionProperties) = preSolution
		HideSolutionNode = FALSE
	EndGlobalSection
	GlobalSection(ExtensibilityGlobals) = postSolution
		SolutionGuid = {E9E5433C-2319-41A0-95EB-82BE24B1C427}
	EndGlobalSection
EndGlobal
